
Microsoft Visual Studio Solution File, Format Version 12.00
# Visual Studio Version 16
VisualStudioVersion = 16.0.31410.357
MinimumVisualStudioVersion = 10.0.40219.1
Project("{FAE04EC0-301F-11D3-BF4B-00C04F79EFBC}") = "EX.9", "EX.9.csproj", "{815DC7B6-84BC-4DAA-B516-A2977CBB305B}"
EndProject
Global
	GlobalSection(SolutionConfigurationPlatforms) = preSolution
		Debug|Any CPU = Debug|Any CPU
		Release|Any CPU = Release|Any CPU
	EndGlobalSection
	GlobalSection(ProjectConfigurationPlatforms) = postSolution
		{815DC7B6-84BC-4DAA-B516-A2977CBB305B}.Debug|Any CPU.ActiveCfg = Debug|Any CPU
		{815DC7B6-84BC-4DAA-B516-A2977CBB305B}.Debug|Any CPU.Build.0 = Debug|Any CPU
		{815DC7B6-84BC-4DAA-B516-A2977CBB305B}.Release|Any CPU.ActiveCfg = Release|Any CPU
		{815DC7B6-84BC-4DAA-B516-A2977CBB305B}.Release|Any CPU.Build.0 = Release|Any CPU
	EndGlobalSection
	GlobalSection(SolutionProperties) = preSolution
		HideSolutionNode = FALSE
	EndGlobalSection
	GlobalSection(ExtensibilityGlobals) = postSolution
		SolutionGuid = {74BEFE44-A2EC-43DA-A98C-EB0DA6D82EE1}
	EndGlobalSection
EndGlobal
