
Microsoft Visual Studio Solution File, Format Version 12.00
# Visual Studio Version 16
VisualStudioVersion = 16.0.31410.357
MinimumVisualStudioVersion = 10.0.40219.1
Project("{9A19103F-16F7-4668-BE54-9A1E7A4F7556}") = "ConsoleApp1", "ConsoleApp1\ConsoleApp1.csproj", "{4EE16006-7311-4BCC-8AEA-FEE4AD10D36A}"
EndProject
Global
	GlobalSection(SolutionConfigurationPlatforms) = preSolution
		Debug|Any CPU = Debug|Any CPU
		Release|Any CPU = Release|Any CPU
	EndGlobalSection
	GlobalSection(ProjectConfigurationPlatforms) = postSolution
		{4EE16006-7311-4BCC-8AEA-FEE4AD10D36A}.Debug|Any CPU.ActiveCfg = Debug|Any CPU
		{4EE16006-7311-4BCC-8AEA-FEE4AD10D36A}.Debug|Any CPU.Build.0 = Debug|Any CPU
		{4EE16006-7311-4BCC-8AEA-FEE4AD10D36A}.Release|Any CPU.ActiveCfg = Release|Any CPU
		{4EE16006-7311-4BCC-8AEA-FEE4AD10D36A}.Release|Any CPU.Build.0 = Release|Any CPU
	EndGlobalSection
	GlobalSection(SolutionProperties) = preSolution
		HideSolutionNode = FALSE
	EndGlobalSection
	GlobalSection(ExtensibilityGlobals) = postSolution
		SolutionGuid = {8893FA31-5BF1-4E07-BB3B-97F0064F7FAA}
	EndGlobalSection
EndGlobal
